
Microsoft Visual Studio Solution File, Format Version 12.00
# Visual Studio Version 16
VisualStudioVersion = 16.0.29418.71
MinimumVisualStudioVersion = 10.0.40219.1
Project("{FAE04EC0-301F-11D3-BF4B-00C04F79EFBC}") = "Observers", "Observers\Observers.csproj", "{CED06F59-95FC-4EA9-81F5-9CB98E3F7988}"
EndProject
Project("{FAE04EC0-301F-11D3-BF4B-00C04F79EFBC}") = "Delegates", "Delegates\Delegates.csproj", "{1F90BF10-6F11-4D1E-9112-2AB58C2FC56E}"
EndProject
Global
	GlobalSection(SolutionConfigurationPlatforms) = preSolution
		Debug|Any CPU = Debug|Any CPU
		Release|Any CPU = Release|Any CPU
	EndGlobalSection
	GlobalSection(ProjectConfigurationPlatforms) = postSolution
		{CED06F59-95FC-4EA9-81F5-9CB98E3F7988}.Debug|Any CPU.ActiveCfg = Debug|Any CPU
		{CED06F59-95FC-4EA9-81F5-9CB98E3F7988}.Debug|Any CPU.Build.0 = Debug|Any CPU
		{CED06F59-95FC-4EA9-81F5-9CB98E3F7988}.Release|Any CPU.ActiveCfg = Release|Any CPU
		{CED06F59-95FC-4EA9-81F5-9CB98E3F7988}.Release|Any CPU.Build.0 = Release|Any CPU
		{1F90BF10-6F11-4D1E-9112-2AB58C2FC56E}.Debug|Any CPU.ActiveCfg = Debug|Any CPU
		{1F90BF10-6F11-4D1E-9112-2AB58C2FC56E}.Debug|Any CPU.Build.0 = Debug|Any CPU
		{1F90BF10-6F11-4D1E-9112-2AB58C2FC56E}.Release|Any CPU.ActiveCfg = Release|Any CPU
		{1F90BF10-6F11-4D1E-9112-2AB58C2FC56E}.Release|Any CPU.Build.0 = Release|Any CPU
	EndGlobalSection
	GlobalSection(SolutionProperties) = preSolution
		HideSolutionNode = FALSE
	EndGlobalSection
	GlobalSection(ExtensibilityGlobals) = postSolution
		SolutionGuid = {29DE2D7C-CAA1-4D0A-A4B0-E22EB4C2BE37}
	EndGlobalSection
EndGlobal
